// !$*UTF8*$!
{
	archiveVersion = 1;
	classes = {
	};
	objectVersion = 46;
	objects = {

/* Begin PBXBuildFile section */
		1BD4C18D1F70B8EB009A1EB8 /* AppDelegate.m in Sources */ = {isa = PBXBuildFile; fileRef = 1BD4C18C1F70B8EB009A1EB8 /* AppDelegate.m */; };
		1BD4C1901F70B8EB009A1EB8 /* main.m in Sources */ = {isa = PBXBuildFile; fileRef = 1BD4C18F1F70B8EB009A1EB8 /* main.m */; };
		1BD4C1931F70B8EB009A1EB8 /* ViewController.m in Sources */ = {isa = PBXBuildFile; fileRef = 1BD4C1921F70B8EB009A1EB8 /* ViewController.m */; };
		1BD4C1951F70B8EC009A1EB8 /* Assets.xcassets in Resources */ = {isa = PBXBuildFile; fileRef = 1BD4C1941F70B8EC009A1EB8 /* Assets.xcassets */; };
		1BD4C1981F70B8EC009A1EB8 /* Main.storyboard in Resources */ = {isa = PBXBuildFile; fileRef = 1BD4C1961F70B8EC009A1EB8 /* Main.storyboard */; };
/* End PBXBuildFile section */

/* Begin PBXFileReference section */
		1BD4C1881F70B8EB009A1EB8 /* BlogGenerator.app */ = {isa = PBXFileReference; explicitFileType = wrapper.application; includeInIndex = 0; path = BlogGenerator.app; sourceTree = BUILT_PRODUCTS_DIR; };
		1BD4C18B1F70B8EB009A1EB8 /* AppDelegate.h */ = {isa = PBXFileReference; lastKnownFileType = sourcecode.c.h; path = AppDelegate.h; sourceTree = "<group>"; };
		1BD4C18C1F70B8EB009A1EB8 /* AppDelegate.m */ = {isa = PBXFileReference; lastKnownFileType = sourcecode.c.objc; path = AppDelegate.m; sourceTree = "<group>"; };
		1BD4C18F1F70B8EB009A1EB8 /* main.m */ = {isa = PBXFileReference; lastKnownFileType = sourcecode.c.objc; path = main.m; sourceTree = "<group>"; };
		1BD4C1911F70B8EB009A1EB8 /* ViewController.h */ = {isa = PBXFileReference; lastKnownFileType = sourcecode.c.h; path = ViewController.h; sourceTree = "<group>"; };
		1BD4C1921F70B8EB009A1EB8 /* ViewController.m */ = {isa = PBXFileReference; lastKnownFileType = sourcecode.c.objc; path = ViewController.m; sourceTree = "<group>"; };
		1BD4C1941F70B8EC009A1EB8 /* Assets.xcassets */ = {isa = PBXFileReference; lastKnownFileType = folder.assetcatalog; path = Assets.xcassets; sourceTree = "<group>"; };
		1BD4C1971F70B8EC009A1EB8 /* Base */ = {isa = PBXFileReference; lastKnownFileType = file.storyboard; name = Base; path = Base.lproj/Main.storyboard; sourceTree = "<group>"; };
		1BD4C1991F70B8EC009A1EB8 /* Info.plist */ = {isa = PBXFileReference; lastKnownFileType = text.plist.xml; path = Info.plist; sourceTree = "<group>"; };
/* End PBXFileReference section */

/* Begin PBXFrameworksBuildPhase section */
		1BD4C1851F70B8EB009A1EB8 /* Frameworks */ = {
			isa = PBXFrameworksBuildPhase;
			buildActionMask = 2147483647;
			files = (
			);
			runOnlyForDeploymentPostprocessing = 0;
		};
/* End PBXFrameworksBuildPhase section */

/* Begin PBXGroup section */
		1BD4C17F1F70B8EA009A1EB8 = {
			isa = PBXGroup;
			children = (
				1BD4C18A1F70B8EB009A1EB8 /* BlogGenerator */,
				1BD4C1891F70B8EB009A1EB8 /* Products */,
			);
			sourceTree = "<group>";
		};
		1BD4C1891F70B8EB009A1EB8 /* Products */ = {
			isa = PBXGroup;
			children = (
				1BD4C1881F70B8EB009A1EB8 /* BlogGenerator.app */,
			);
			name = Products;
			sourceTree = "<group>";
		};
		1BD4C18A1F70B8EB009A1EB8 /* BlogGenerator */ = {
			isa = PBXGroup;
			children = (
				1BD4C18B1F70B8EB009A1EB8 /* AppDelegate.h */,
				1BD4C18C1F70B8EB009A1EB8 /* AppDelegate.m */,
				1BD4C1911F70B8EB009A1EB8 /* ViewController.h */,
				1BD4C1921F70B8EB009A1EB8 /* ViewController.m */,
				1BD4C1941F70B8EC009A1EB8 /* Assets.xcassets */,
				1BD4C1961F70B8EC009A1EB8 /* Main.storyboard */,
				1BD4C1991F70B8EC009A1EB8 /* Info.plist */,
				1BD4C18E1F70B8EB009A1EB8 /* Supporting Files */,
			);
			path = BlogGenerator;
			sourceTree = "<group>";
		};
		1BD4C18E1F70B8EB009A1EB8 /* Supporting Files */ = {
			isa = PBXGroup;
			children = (
				1BD4C18F1F70B8EB009A1EB8 /* main.m */,
			);
			name = "Supporting Files";
			sourceTree = "<group>";
		};
/* End PBXGroup section */

/* Begin PBXNativeTarget section */
		1BD4C1871F70B8EB009A1EB8 /* BlogGenerator */ = {
			isa = PBXNativeTarget;
			buildConfigurationList = 1BD4C19C1F70B8EC009A1EB8 /* Build configuration list for PBXNativeTarget "BlogGenerator" */;
			buildPhases = (
				1BD4C1841F70B8EB009A1EB8 /* Sources */,
				1BD4C1851F70B8EB009A1EB8 /* Frameworks */,
				1BD4C1861F70B8EB009A1EB8 /* Resources */,
			);
			buildRules = (
			);
			dependencies = (
			);
			name = BlogGenerator;
			productName = BlogGenerator;
			productReference = 1BD4C1881F70B8EB009A1EB8 /* BlogGenerator.app */;
			productType = "com.apple.product-type.application";
		};
/* End PBXNativeTarget section */

/* Begin PBXProject section */
		1BD4C1801F70B8EB009A1EB8 /* Project object */ = {
			isa = PBXProject;
			attributes = {
				LastUpgradeCheck = 0820;
				ORGANIZATIONNAME = dj.yue;
				TargetAttributes = {
					1BD4C1871F70B8EB009A1EB8 = {
						CreatedOnToolsVersion = 8.2.1;
						DevelopmentTeam = L9P52E65L5;
						ProvisioningStyle = Automatic;
					};
				};
			};
			buildConfigurationList = 1BD4C1831F70B8EB009A1EB8 /* Build configuration list for PBXProject "BlogGenerator" */;
			compatibilityVersion = "Xcode 3.2";
			developmentRegion = English;
			hasScannedForEncodings = 0;
			knownRegions = (
				en,
				Base,
			);
			mainGroup = 1BD4C17F1F70B8EA009A1EB8;
			productRefGroup = 1BD4C1891F70B8EB009A1EB8 /* Products */;
			projectDirPath = "";
			projectRoot = "";
			targets = (
				1BD4C1871F70B8EB009A1EB8 /* BlogGenerator */,
			);
		};
/* End PBXProject section */

/* Begin PBXResourcesBuildPhase section */
		1BD4C1861F70B8EB009A1EB8 /* Resources */ = {
			isa = PBXResourcesBuildPhase;
			buildActionMask = 2147483647;
			files = (
				1BD4C1951F70B8EC009A1EB8 /* Assets.xcassets in Resources */,
				1BD4C1981F70B8EC009A1EB8 /* Main.storyboard in Resources */,
			);
			runOnlyForDeploymentPostprocessing = 0;
		};
/* End PBXResourcesBuildPhase section */

/* Begin PBXSourcesBuildPhase section */
		1BD4C1841F70B8EB009A1EB8 /* Sources */ = {
			isa = PBXSourcesBuildPhase;
			buildActionMask = 2147483647;
			files = (
				1BD4C1931F70B8EB009A1EB8 /* ViewController.m in Sources */,
				1BD4C1901F70B8EB009A1EB8 /* main.m in Sources */,
				1BD4C18D1F70B8EB009A1EB8 /* AppDelegate.m in Sources */,
			);
			runOnlyForDeploymentPostprocessing = 0;
		};
/* End PBXSourcesBuildPhase section */

/* Begin PBXVariantGroup section */
		1BD4C1961F70B8EC009A1EB8 /* Main.storyboard */ = {
			isa = PBXVariantGroup;
			children = (
				1BD4C1971F70B8EC009A1EB8 /* Base */,
			);
			name = Main.storyboard;
			sourceTree = "<group>";
		};
/* End PBXVariantGroup section */

/* Begin XCBuildConfiguration section */
		1BD4C19A1F70B8EC009A1EB8 /* Debug */ = {
			isa = XCBuildConfiguration;
			buildSettings = {
				ALWAYS_SEARCH_USER_PATHS = NO;
				CLANG_ANALYZER_NONNULL = YES;
				CLANG_CXX_LANGUAGE_STANDARD = "gnu++0x";
				CLANG_CXX_LIBRARY = "libc++";
				CLANG_ENABLE_MODULES = YES;
				CLANG_ENABLE_OBJC_ARC = YES;
				CLANG_WARN_BOOL_CONVERSION = YES;
				CLANG_WARN_CONSTANT_CONVERSION = YES;
				CLANG_WARN_DIRECT_OBJC_ISA_USAGE = YES_ERROR;
				CLANG_WARN_DOCUMENTATION_COMMENTS = YES;
				CLANG_WARN_EMPTY_BODY = YES;
				CLANG_WARN_ENUM_CONVERSION = YES;
				CLANG_WARN_INFINITE_RECURSION = YES;
				CLANG_WARN_INT_CONVERSION = YES;
				CLANG_WARN_OBJC_ROOT_CLASS = YES_ERROR;
				CLANG_WARN_SUSPICIOUS_MOVE = YES;
				CLANG_WARN_UNREACHABLE_CODE = YES;
				CLANG_WARN__DUPLICATE_METHOD_MATCH = YES;
				CODE_SIGN_IDENTITY = "-";
				COPY_PHASE_STRIP = NO;
				DEBUG_INFORMATION_FORMAT = dwarf;
				ENABLE_STRICT_OBJC_MSGSEND = YES;
				ENABLE_TESTABILITY = YES;
				GCC_C_LANGUAGE_STANDARD = gnu99;
				GCC_DYNAMIC_NO_PIC = NO;
				GCC_NO_COMMON_BLOCKS = YES;
				GCC_OPTIMIZATION_LEVEL = 0;
				GCC_PREPROCESSOR_DEFINITIONS = (
					"DEBUG=1",
					"$(inherited)",
				);
				GCC_WARN_64_TO_32_BIT_CONVERSION = YES;
				GCC_WARN_ABOUT_RETURN_TYPE = YES_ERROR;
				GCC_WARN_UNDECLARED_SELECTOR = YES;
				GCC_WARN_UNINITIALIZED_AUTOS = YES_AGGRESSIVE;
				GCC_WARN_UNUSED_FUNCTION = YES;
				GCC_WARN_UNUSED_VARIABLE = YES;
				MACOSX_DEPLOYMENT_TARGET = 10.12;
				MTL_ENABLE_DEBUG_INFO = YES;
				ONLY_ACTIVE_ARCH = YES;
				SDKROOT = macosx;
			};
			name = Debug;
		};
		1BD4C19B1F70B8EC009A1EB8 /* Release */ = {
			isa = XCBuildConfiguration;
			buildSettings = {
				ALWAYS_SEARCH_USER_PATHS = NO;
				CLANG_ANALYZER_NONNULL = YES;
				CLANG_CXX_LANGUAGE_STANDARD = "gnu++0x";
				CLANG_CXX_LIBRARY = "libc++";
				CLANG_ENABLE_MODULES = YES;
				CLANG_ENABLE_OBJC_ARC = YES;
				CLANG_WARN_BOOL_CONVERSION = YES;
				CLANG_WARN_CONSTANT_CONVERSION = YES;
				CLANG_WARN_DIRECT_OBJC_ISA_USAGE = YES_ERROR;
				CLANG_WARN_DOCUMENTATION_COMMENTS = YES;
				CLANG_WARN_EMPTY_BODY = YES;
				CLANG_WARN_ENUM_CONVERSION = YES;
				CLANG_WARN_INFINITE_RECURSION = YES;
				CLANG_WARN_INT_CONVERSION = YES;
				CLANG_WARN_OBJC_ROOT_CLASS = YES_ERROR;
				CLANG_WARN_SUSPICIOUS_MOVE = YES;
				CLANG_WARN_UNREACHABLE_CODE = YES;
				CLANG_WARN__DUPLICATE_METHOD_MATCH = YES;
				CODE_SIGN_IDENTITY = "-";
				COPY_PHASE_STRIP = NO;
				DEBUG_INFORMATION_FORMAT = "dwarf-with-dsym";
				ENABLE_NS_ASSERTIONS = NO;
				ENABLE_STRICT_OBJC_MSGSEND = YES;
				GCC_C_LANGUAGE_STANDARD = gnu99;
				GCC_NO_COMMON_BLOCKS = YES;
				GCC_WARN_64_TO_32_BIT_CONVERSION = YES;
				GCC_WARN_ABOUT_RETURN_TYPE = YES_ERROR;
				GCC_WARN_UNDECLARED_SELECTOR = YES;
				GCC_WARN_UNINITIALIZED_AUTOS = YES_AGGRESSIVE;
				GCC_WARN_UNUSED_FUNCTION = YES;
				GCC_WARN_UNUSED_VARIABLE = YES;
				MACOSX_DEPLOYMENT_TARGET = 10.12;
				MTL_ENABLE_DEBUG_INFO = NO;
				SDKROOT = macosx;
			};
			name = Release;
		};
		1BD4C19D1F70B8EC009A1EB8 /* Debug */ = {
			isa = XCBuildConfiguration;
			buildSettings = {
				ASSETCATALOG_COMPILER_APPICON_NAME = AppIcon;
				COMBINE_HIDPI_IMAGES = YES;
				DEVELOPMENT_TEAM = L9P52E65L5;
				INFOPLIST_FILE = BlogGenerator/Info.plist;
				LD_RUNPATH_SEARCH_PATHS = "$(inherited) @executable_path/../Frameworks";
				PRODUCT_BUNDLE_IDENTIFIER = com.leon.BlogGenerator;
				PRODUCT_NAME = "$(TARGET_NAME)";
			};
			name = Debug;
		};
		1BD4C19E1F70B8EC009A1EB8 /* Release */ = {
			isa = XCBuildConfiguration;
			buildSettings = {
				ASSETCATALOG_COMPILER_APPICON_NAME = AppIcon;
				COMBINE_HIDPI_IMAGES = YES;
				DEVELOPMENT_TEAM = L9P52E65L5;
				INFOPLIST_FILE = BlogGenerator/Info.plist;
				LD_RUNPATH_SEARCH_PATHS = "$(inherited) @executable_path/../Frameworks";
				PRODUCT_BUNDLE_IDENTIFIER = com.leon.BlogGenerator;
				PRODUCT_NAME = "$(TARGET_NAME)";
			};
			name = Release;
		};
/* End XCBuildConfiguration section */

/* Begin XCConfigurationList section */
		1BD4C1831F70B8EB009A1EB8 /* Build configuration list for PBXProject "BlogGenerator" */ = {
			isa = XCConfigurationList;
			buildConfigurations = (
				1BD4C19A1F70B8EC009A1EB8 /* Debug */,
				1BD4C19B1F70B8EC009A1EB8 /* Release */,
			);
			defaultConfigurationIsVisible = 0;
			defaultConfigurationName = Release;
		};
		1BD4C19C1F70B8EC009A1EB8 /* Build configuration list for PBXNativeTarget "BlogGenerator" */ = {
			isa = XCConfigurationList;
			buildConfigurations = (
				1BD4C19D1F70B8EC009A1EB8 /* Debug */,
				1BD4C19E1F70B8EC009A1EB8 /* Release */,
			);
			defaultConfigurationIsVisible = 0;
		};
/* End XCConfigurationList section */
	};
	rootObject = 1BD4C1801F70B8EB009A1EB8 /* Project object */;
}
